{
    "_readme": [
        "This file locks the dependencies of your project to a known state",
        "Read more about it at https://getcomposer.org/doc/01-basic-usage.md#composer-lock-the-lock-file",
        "This file is @generated automatically"
    ],
    "hash": "265f67546f1b690b9857b206cd4974f0",
    "content-hash": "6f353f93186ff6517bcd3d8a9383b69f",
    "packages": [
        {
            "name": "kriswallsmith/assetic",
            "version": "dev-master",
            "source": {
                "type": "git",
                "url": "https://github.com/kriswallsmith/assetic.git",
                "reference": "4bb27cf9148b5c34f1963cb01bfc586db60d5883"
            },
            "dist": {
                "type": "zip",
                "url": "https://packagist.phpcomposer.com/files/kriswallsmith/assetic/4bb27cf9148b5c34f1963cb01bfc586db60d5883.zip",
                "reference": "4bb27cf9148b5c34f1963cb01bfc586db60d5883",
                "shasum": ""
            },
            "require": {
                "php": ">=5.3.1",
                "symfony/process": "~2.1|~3.0"
            },
            "conflict": {
                "twig/twig": "<1.23"
            },
            "require-dev": {
                "cssmin/cssmin": "3.0.1",
                "joliclic/javascript-packer": "1.1",
                "kamicane/packager": "1.0",
                "leafo/lessphp": "^0.3.7",
                "leafo/scssphp": "~0.1",
                "mrclay/minify": "~2.2",
                "patchwork/jsqueeze": "~1.0|~2.0",
                "phpunit/phpunit": "~4.8",
                "psr/log": "~1.0",
                "ptachoire/cssembed": "~1.0",
                "symfony/phpunit-bridge": "~2.7|~3.0",
                "twig/twig": "~1.23|~2.0"
            },
            "suggest": {
                "leafo/lessphp": "Assetic provides the integration with the lessphp LESS compiler",
                "leafo/scssphp": "Assetic provides the integration with the scssphp SCSS compiler",
                "leafo/scssphp-compass": "Assetic provides the integration with the SCSS compass plugin",
                "patchwork/jsqueeze": "Assetic provides the integration with the JSqueeze JavaScript compressor",
                "ptachoire/cssembed": "Assetic provides the integration with phpcssembed to embed data uris",
                "twig/twig": "Assetic provides the integration with the Twig templating engine"
            },
            "type": "library",
            "extra": {
                "branch-alias": {
                    "dev-master": "1.4-dev"
                }
            },
            "autoload": {
                "psr-0": {
                    "Assetic": "src/"
                },
                "files": [
                    "src/functions.php"
                ]
            },
            "notification-url": "https://packagist.org/downloads/",
            "license": [
                "MIT"
            ],
            "authors": [
                {
                    "name": "Kris Wallsmith",
                    "email": "kris.wallsmith@gmail.com",
                    "homepage": "http://kriswallsmith.net/"
                }
            ],
            "description": "Asset Management for PHP",
            "homepage": "https://github.com/kriswallsmith/assetic",
            "keywords": [
                "assets",
                "compression",
                "minification"
            ],
            "time": "2016-02-07 17:40:57"
        },
        {
            "name": "php-activerecord/php-activerecord",
            "version": "v1.1.2",
            "source": {
                "type": "git",
                "url": "https://github.com/jpfuentes2/php-activerecord.git",
                "reference": "5a957483801ecc41d95381e9868de7bb08f9be3a"
            },
            "dist": {
                "type": "zip",
                "url": "https://packagist.phpcomposer.com/files/jpfuentes2/php-activerecord/5a957483801ecc41d95381e9868de7bb08f9be3a.zip",
                "reference": "5a957483801ecc41d95381e9868de7bb08f9be3a",
                "shasum": ""
            },
            "require": {
                "php": ">=5.3.0"
            },
            "type": "library",
            "autoload": {
                "files": [
                    "ActiveRecord.php"
                ]
            },
            "notification-url": "https://packagist.org/downloads/",
            "license": [
                "MIT"
            ],
            "description": "php-activerecord is an open source ORM library based on the ActiveRecord pattern.",
            "homepage": "http://www.phpactiverecord.org/",
            "keywords": [
                "activerecord",
                "orm"
            ],
            "time": "2013-04-26 21:01:08"
        },
        {
            "name": "symfony/process",
            "version": "dev-master",
            "source": {
                "type": "git",
                "url": "https://github.com/symfony/process.git",
                "reference": "2d6011bd6f6086b3409f85c6dd0ec61b90091a04"
            },
            "dist": {
                "type": "zip",
                "url": "https://packagist.phpcomposer.com/files/symfony/process/2d6011bd6f6086b3409f85c6dd0ec61b90091a04.zip",
                "reference": "2d6011bd6f6086b3409f85c6dd0ec61b90091a04",
                "shasum": ""
            },
            "require": {
                "php": ">=5.5.9"
            },
            "type": "library",
            "extra": {
                "branch-alias": {
                    "dev-master": "3.2-dev"
                }
            },
            "autoload": {
                "psr-4": {
                    "Symfony\\Component\\Process\\": ""
                },
                "exclude-from-classmap": [
                    "/Tests/"
                ]
            },
            "notification-url": "https://packagist.org/downloads/",
            "license": [
                "MIT"
            ],
            "authors": [
                {
                    "name": "Fabien Potencier",
                    "email": "fabien@symfony.com"
                },
                {
                    "name": "Symfony Community",
                    "homepage": "https://symfony.com/contributors"
                }
            ],
            "description": "Symfony Process Component",
            "homepage": "https://symfony.com",
            "time": "2016-08-16 16:09:30"
        },
        {
            "name": "workerman/workerman",
            "version": "v3.3.3",
            "source": {
                "type": "git",
                "url": "https://github.com/walkor/Workerman.git",
                "reference": "72dcfe49b70566be36cca7426542ea21dec2197b"
            },
            "dist": {
                "type": "zip",
                "url": "https://packagist.phpcomposer.com/files/walkor/Workerman/72dcfe49b70566be36cca7426542ea21dec2197b.zip",
                "reference": "72dcfe49b70566be36cca7426542ea21dec2197b",
                "shasum": ""
            },
            "require": {
                "php": ">=5.3"
            },
            "suggest": {
                "ext-libevent": "For better performance."
            },
            "type": "project",
            "autoload": {
                "psr-4": {
                    "Workerman\\": "./"
                }
            },
            "notification-url": "https://packagist.org/downloads/",
            "license": [
                "MIT"
            ],
            "authors": [
                {
                    "name": "walkor",
                    "email": "walkor@workerman.net",
                    "homepage": "http://www.workerman.net",
                    "role": "Developer"
                }
            ],
            "description": "An asynchronous event driven PHP framework for easily building fast, scalable network applications.",
            "homepage": "http://www.workerman.net",
            "keywords": [
                "asynchronous",
                "event-loop"
            ],
            "time": "2016-07-01 12:40:31"
        }
    ],
    "packages-dev": [],
    "aliases": [],
    "minimum-stability": "dev",
    "stability-flags": [],
    "prefer-stable": false,
    "prefer-lowest": false,
    "platform": [],
    "platform-dev": []
}
